
Microsoft Visual Studio Solution File, Format Version 12.00
# Visual Studio 14
VisualStudioVersion = 14.0.25420.1
MinimumVisualStudioVersion = 10.0.40219.1
Project("{8BC9CEB8-8B4A-11D0-8D11-00A0C91BC942}") = "RPGGame", "RPGGame\RPGGame.vcxproj", "{5B339B21-721E-44F2-A3F4-F74659280400}"
EndProject
Project("{8BC9CEB8-8B4A-11D0-8D11-00A0C91BC942}") = "RPGGameLib", "RPGGameLib\RPGGameLib.vcxproj", "{326C79FC-987F-422A-AFEC-B43F0E08B46C}"
EndProject
Global
	GlobalSection(SolutionConfigurationPlatforms) = preSolution
		Debug|Win32 = Debug|Win32
		Debug|x64 = Debug|x64
		Release|Win32 = Release|Win32
		Release|x64 = Release|x64
	EndGlobalSection
	GlobalSection(ProjectConfigurationPlatforms) = postSolution
		{5B339B21-721E-44F2-A3F4-F74659280400}.Debug|Win32.ActiveCfg = Debug|Win32
		{5B339B21-721E-44F2-A3F4-F74659280400}.Debug|Win32.Build.0 = Debug|Win32
		{5B339B21-721E-44F2-A3F4-F74659280400}.Debug|x64.ActiveCfg = Debug|Win32
		{5B339B21-721E-44F2-A3F4-F74659280400}.Release|Win32.ActiveCfg = Release|Win32
		{5B339B21-721E-44F2-A3F4-F74659280400}.Release|Win32.Build.0 = Release|Win32
		{5B339B21-721E-44F2-A3F4-F74659280400}.Release|x64.ActiveCfg = Release|Win32
		{326C79FC-987F-422A-AFEC-B43F0E08B46C}.Debug|Win32.ActiveCfg = Debug|Win32
		{326C79FC-987F-422A-AFEC-B43F0E08B46C}.Debug|Win32.Build.0 = Debug|Win32
		{326C79FC-987F-422A-AFEC-B43F0E08B46C}.Debug|x64.ActiveCfg = Debug|x64
		{326C79FC-987F-422A-AFEC-B43F0E08B46C}.Debug|x64.Build.0 = Debug|x64
		{326C79FC-987F-422A-AFEC-B43F0E08B46C}.Release|Win32.ActiveCfg = Release|Win32
		{326C79FC-987F-422A-AFEC-B43F0E08B46C}.Release|Win32.Build.0 = Release|Win32
		{326C79FC-987F-422A-AFEC-B43F0E08B46C}.Release|x64.ActiveCfg = Release|x64
		{326C79FC-987F-422A-AFEC-B43F0E08B46C}.Release|x64.Build.0 = Release|x64
	EndGlobalSection
	GlobalSection(SolutionProperties) = preSolution
		HideSolutionNode = FALSE
	EndGlobalSection
EndGlobal
