<?xml version="1.0" encoding="utf-8"?>
<Project ToolsVersion="4.0" xmlns="http://schemas.microsoft.com/developer/msbuild/2003">
  <ItemGroup>
    <ClCompile Include="battle_scene.cpp">
      <Filter>Source Files</Filter>
    </ClCompile>
    <ClCompile Include="Source.cpp">
      <Filter>Source Files</Filter>
    </ClCompile>
    <ClCompile Include="CmdParser.cpp">
      <Filter>Source Files</Filter>
    </ClCompile>
    <ClCompile Include="start_menu.cpp">
      <Filter>Source Files</Filter>
    </ClCompile>
    <ClCompile Include="selection_menu.cpp">
      <Filter>Source Files</Filter>
    </ClCompile>
  </ItemGroup>
  <ItemGroup>
    <Filter Include="Header Files">
      <UniqueIdentifier>{8fc926dd-4bfc-41c3-b2cc-41b7240e7b7d}</UniqueIdentifier>
    </Filter>
    <Filter Include="Source Files">
      <UniqueIdentifier>{24a94c35-9577-4558-b60e-bff1558e630b}</UniqueIdentifier>
    </Filter>
  </ItemGroup>
  <ItemGroup>
    <ClInclude Include="battle_scene.h">
      <Filter>Header Files</Filter>
    </ClInclude>
    <ClInclude Include="CmdParser.h">
      <Filter>Header Files</Filter>
    </ClInclude>
    <ClInclude Include="start_menu.h">
      <Filter>Header Files</Filter>
    </ClInclude>
    <ClInclude Include="selection_menu.h">
      <Filter>Header Files</Filter>
    </ClInclude>
  </ItemGroup>
</Project>