<?xml version="1.0" encoding="utf-8"?>
<Project ToolsVersion="4.0" xmlns="http://schemas.microsoft.com/developer/msbuild/2003">
  <ItemGroup>
    <Filter Include="Source Files">
      <UniqueIdentifier>{4FC737F1-C7A5-4376-A066-2A32D752A2FF}</UniqueIdentifier>
      <Extensions>cpp;c;cc;cxx;def;odl;idl;hpj;bat;asm;asmx</Extensions>
    </Filter>
    <Filter Include="Header Files">
      <UniqueIdentifier>{93995380-89BD-4b04-88EB-625FBE52EBFB}</UniqueIdentifier>
      <Extensions>h;hh;hpp;hxx;hm;inl;inc;xsd</Extensions>
    </Filter>
    <Filter Include="Resource Files">
      <UniqueIdentifier>{67DA6AB6-F800-4c08-8B7A-83BB121AAD01}</UniqueIdentifier>
      <Extensions>rc;ico;cur;bmp;dlg;rc2;rct;bin;rgs;gif;jpg;jpeg;jpe;resx;tiff;tif;png;wav;mfcribbon-ms</Extensions>
    </Filter>
  </ItemGroup>
  <ItemGroup>
    <Text Include="ReadMe.txt" />
  </ItemGroup>
  <ItemGroup>
    <ClInclude Include="stdafx.h">
      <Filter>Header Files</Filter>
    </ClInclude>
    <ClInclude Include="targetver.h">
      <Filter>Header Files</Filter>
    </ClInclude>
    <ClInclude Include="weapon.h">
      <Filter>Header Files</Filter>
    </ClInclude>
    <ClInclude Include="bsd-list.h">
      <Filter>Header Files</Filter>
    </ClInclude>
    <ClInclude Include="food.h">
      <Filter>Header Files</Filter>
    </ClInclude>
    <ClInclude Include="adventurer.h">
      <Filter>Header Files</Filter>
    </ClInclude>
    <ClInclude Include="adventurer_data.h">
      <Filter>Header Files</Filter>
    </ClInclude>
    <ClInclude Include="beginner.h">
      <Filter>Header Files</Filter>
    </ClInclude>
    <ClInclude Include="warrior.h">
      <Filter>Header Files</Filter>
    </ClInclude>
    <ClInclude Include="store.h">
      <Filter>Header Files</Filter>
    </ClInclude>
    <ClInclude Include="wirehouse.h">
      <Filter>Header Files</Filter>
    </ClInclude>
    <ClInclude Include="thief.h">
      <Filter>Header Files</Filter>
    </ClInclude>
    <ClInclude Include="magician.h">
      <Filter>Header Files</Filter>
    </ClInclude>
    <ClInclude Include="archer.h">
      <Filter>Header Files</Filter>
    </ClInclude>
    <ClInclude Include="skill_data.h">
      <Filter>Header Files</Filter>
    </ClInclude>
    <ClInclude Include="skill.h">
      <Filter>Header Files</Filter>
    </ClInclude>
    <ClInclude Include="armor.h">
      <Filter>Header Files</Filter>
    </ClInclude>
    <ClInclude Include="bag.h">
      <Filter>Header Files</Filter>
    </ClInclude>
    <ClInclude Include="definition.h">
      <Filter>Header Files</Filter>
    </ClInclude>
    <ClInclude Include="map_data.h">
      <Filter>Header Files</Filter>
    </ClInclude>
    <ClInclude Include="monster.h">
      <Filter>Header Files</Filter>
    </ClInclude>
    <ClInclude Include="place.h">
      <Filter>Header Files</Filter>
    </ClInclude>
    <ClInclude Include="monster_data.h">
      <Filter>Header Files</Filter>
    </ClInclude>
    <ClInclude Include="item.h">
      <Filter>Header Files</Filter>
    </ClInclude>
    <ClInclude Include="item_data.h">
      <Filter>Header Files</Filter>
    </ClInclude>
    <ClInclude Include="adventurer_factory.h" />
    <ClInclude Include="global_info.h">
      <Filter>Header Files</Filter>
    </ClInclude>
    <ClInclude Include="life_entity.h">
      <Filter>Header Files</Filter>
    </ClInclude>
    <ClInclude Include="user.h">
      <Filter>Header Files</Filter>
    </ClInclude>
  </ItemGroup>
  <ItemGroup>
    <ClCompile Include="weapon.cpp">
      <Filter>Source Files</Filter>
    </ClCompile>
    <ClCompile Include="food.cpp">
      <Filter>Source Files</Filter>
    </ClCompile>
    <ClCompile Include="warrior.cpp">
      <Filter>Source Files</Filter>
    </ClCompile>
    <ClCompile Include="adventurer_data.cpp">
      <Filter>Source Files</Filter>
    </ClCompile>
    <ClCompile Include="adventurer_factory.cpp">
      <Filter>Source Files</Filter>
    </ClCompile>
    <ClCompile Include="beginner.cpp">
      <Filter>Source Files</Filter>
    </ClCompile>
    <ClCompile Include="adventurer.cpp">
      <Filter>Source Files</Filter>
    </ClCompile>
    <ClCompile Include="store.cpp">
      <Filter>Source Files</Filter>
    </ClCompile>
    <ClCompile Include="wirehouse.cpp">
      <Filter>Source Files</Filter>
    </ClCompile>
    <ClCompile Include="archer.cpp">
      <Filter>Source Files</Filter>
    </ClCompile>
    <ClCompile Include="thief.cpp">
      <Filter>Source Files</Filter>
    </ClCompile>
    <ClCompile Include="magician.cpp">
      <Filter>Source Files</Filter>
    </ClCompile>
    <ClCompile Include="skill_data.cpp">
      <Filter>Source Files</Filter>
    </ClCompile>
    <ClCompile Include="skill.cpp">
      <Filter>Source Files</Filter>
    </ClCompile>
    <ClCompile Include="armor.cpp">
      <Filter>Source Files</Filter>
    </ClCompile>
    <ClCompile Include="bag.cpp">
      <Filter>Source Files</Filter>
    </ClCompile>
    <ClCompile Include="map_data.cpp">
      <Filter>Source Files</Filter>
    </ClCompile>
    <ClCompile Include="monster.cpp">
      <Filter>Source Files</Filter>
    </ClCompile>
    <ClCompile Include="place.cpp">
      <Filter>Source Files</Filter>
    </ClCompile>
    <ClCompile Include="monster_data.cpp">
      <Filter>Source Files</Filter>
    </ClCompile>
    <ClCompile Include="item.cpp">
      <Filter>Source Files</Filter>
    </ClCompile>
    <ClCompile Include="item_data.cpp">
      <Filter>Source Files</Filter>
    </ClCompile>
    <ClCompile Include="life_entity.cpp">
      <Filter>Source Files</Filter>
    </ClCompile>
    <ClCompile Include="user.cpp">
      <Filter>Source Files</Filter>
    </ClCompile>
  </ItemGroup>
</Project>